
Microsoft Visual Studio Solution File, Format Version 12.00
# Visual Studio Version 17
VisualStudioVersion = 17.6.33815.320
MinimumVisualStudioVersion = 10.0.40219.1
Project("{FAE04EC0-301F-11D3-BF4B-00C04F79EFBC}") = "Mars-CompetitionNUnit", "Mars-CompetitionNUnit\Mars-CompetitionNUnit.csproj", "{436A4F3F-B8E7-432A-983E-CF1273DC85D4}"
EndProject
Global
	GlobalSection(SolutionConfigurationPlatforms) = preSolution
		Debug|Any CPU = Debug|Any CPU
		Release|Any CPU = Release|Any CPU
	EndGlobalSection
	GlobalSection(ProjectConfigurationPlatforms) = postSolution
		{436A4F3F-B8E7-432A-983E-CF1273DC85D4}.Debug|Any CPU.ActiveCfg = Debug|Any CPU
		{436A4F3F-B8E7-432A-983E-CF1273DC85D4}.Debug|Any CPU.Build.0 = Debug|Any CPU
		{436A4F3F-B8E7-432A-983E-CF1273DC85D4}.Release|Any CPU.ActiveCfg = Release|Any CPU
		{436A4F3F-B8E7-432A-983E-CF1273DC85D4}.Release|Any CPU.Build.0 = Release|Any CPU
	EndGlobalSection
	GlobalSection(SolutionProperties) = preSolution
		HideSolutionNode = FALSE
	EndGlobalSection
	GlobalSection(ExtensibilityGlobals) = postSolution
		SolutionGuid = {2066E9C3-DEB4-4ECE-BA6F-551D6AA2155E}
	EndGlobalSection
EndGlobal
